
Microsoft Visual Studio Solution File, Format Version 12.00
# Visual Studio Version 16
VisualStudioVersion = 16.0.31410.357
MinimumVisualStudioVersion = 10.0.40219.1
Project("{FAE04EC0-301F-11D3-BF4B-00C04F79EFBC}") = "Tarefas", "Tarefas.csproj", "{5F4BBEF8-C8BE-4C01-BD3A-04FCA68701DF}"
EndProject
Global
	GlobalSection(SolutionConfigurationPlatforms) = preSolution
		Debug|Any CPU = Debug|Any CPU
		Release|Any CPU = Release|Any CPU
	EndGlobalSection
	GlobalSection(ProjectConfigurationPlatforms) = postSolution
		{5F4BBEF8-C8BE-4C01-BD3A-04FCA68701DF}.Debug|Any CPU.ActiveCfg = Debug|Any CPU
		{5F4BBEF8-C8BE-4C01-BD3A-04FCA68701DF}.Debug|Any CPU.Build.0 = Debug|Any CPU
		{5F4BBEF8-C8BE-4C01-BD3A-04FCA68701DF}.Release|Any CPU.ActiveCfg = Release|Any CPU
		{5F4BBEF8-C8BE-4C01-BD3A-04FCA68701DF}.Release|Any CPU.Build.0 = Release|Any CPU
	EndGlobalSection
	GlobalSection(SolutionProperties) = preSolution
		HideSolutionNode = FALSE
	EndGlobalSection
	GlobalSection(ExtensibilityGlobals) = postSolution
		SolutionGuid = {801DB38F-7BC8-421D-868A-C583DD9117AE}
	EndGlobalSection
EndGlobal
